
Microsoft Visual Studio Solution File, Format Version 12.00
# Visual Studio Version 17
VisualStudioVersion = 17.4.33205.214
MinimumVisualStudioVersion = 10.0.40219.1
Project("{FAE04EC0-301F-11D3-BF4B-00C04F79EFBC}") = "SpecialtyManagement", "SpecialtyManagement\SpecialtyManagement.csproj", "{DF890D67-DDDA-436D-9128-8CEA6A31E232}"
EndProject
Project("{54435603-DBB4-11D2-8724-00A0C9A8B90C}") = "SpecialtyManagementSetup", "SpecialtyManagementSetup\SpecialtyManagementSetup.vdproj", "{BFD9A321-193A-4268-A4A7-C2E14CECAC49}"
EndProject
Project("{FAE04EC0-301F-11D3-BF4B-00C04F79EFBC}") = "SpecialtyManagementTest", "SpecialtyManagementTest\SpecialtyManagementTest.csproj", "{9033F341-93E5-4B0A-AD4D-6752C62DB056}"
EndProject
Global
	GlobalSection(SolutionConfigurationPlatforms) = preSolution
		Debug|Any CPU = Debug|Any CPU
		Release|Any CPU = Release|Any CPU
	EndGlobalSection
	GlobalSection(ProjectConfigurationPlatforms) = postSolution
		{DF890D67-DDDA-436D-9128-8CEA6A31E232}.Debug|Any CPU.ActiveCfg = Debug|Any CPU
		{DF890D67-DDDA-436D-9128-8CEA6A31E232}.Debug|Any CPU.Build.0 = Debug|Any CPU
		{DF890D67-DDDA-436D-9128-8CEA6A31E232}.Release|Any CPU.ActiveCfg = Release|Any CPU
		{DF890D67-DDDA-436D-9128-8CEA6A31E232}.Release|Any CPU.Build.0 = Release|Any CPU
		{BFD9A321-193A-4268-A4A7-C2E14CECAC49}.Debug|Any CPU.ActiveCfg = Debug
		{BFD9A321-193A-4268-A4A7-C2E14CECAC49}.Release|Any CPU.ActiveCfg = Release
		{9033F341-93E5-4B0A-AD4D-6752C62DB056}.Debug|Any CPU.ActiveCfg = Debug|Any CPU
		{9033F341-93E5-4B0A-AD4D-6752C62DB056}.Debug|Any CPU.Build.0 = Debug|Any CPU
		{9033F341-93E5-4B0A-AD4D-6752C62DB056}.Release|Any CPU.ActiveCfg = Release|Any CPU
		{9033F341-93E5-4B0A-AD4D-6752C62DB056}.Release|Any CPU.Build.0 = Release|Any CPU
	EndGlobalSection
	GlobalSection(SolutionProperties) = preSolution
		HideSolutionNode = FALSE
	EndGlobalSection
	GlobalSection(ExtensibilityGlobals) = postSolution
		SolutionGuid = {8DEE6B0E-19A9-4A78-8A98-A375D48A3A7A}
	EndGlobalSection
EndGlobal
